// !$*UTF8*$!
{
	archiveVersion = 1;
	classes = {
	};
	objectVersion = 46;
	objects = {

/* Begin PBXBuildFile section */
		25906ED31DE9AB9A00BCC626 /* AppDelegate.swift in Sources */ = {isa = PBXBuildFile; fileRef = 25906ED21DE9AB9A00BCC626 /* AppDelegate.swift */; };
		25906ED51DE9AB9A00BCC626 /* ViewController.swift in Sources */ = {isa = PBXBuildFile; fileRef = 25906ED41DE9AB9A00BCC626 /* ViewController.swift */; };
		25906ED81DE9AB9A00BCC626 /* Main.storyboard in Resources */ = {isa = PBXBuildFile; fileRef = 25906ED61DE9AB9A00BCC626 /* Main.storyboard */; };
		25906EDA1DE9AB9A00BCC626 /* Assets.xcassets in Resources */ = {isa = PBXBuildFile; fileRef = 25906ED91DE9AB9A00BCC626 /* Assets.xcassets */; };
		25906EDD1DE9AB9A00BCC626 /* LaunchScreen.storyboard in Resources */ = {isa = PBXBuildFile; fileRef = 25906EDB1DE9AB9A00BCC626 /* LaunchScreen.storyboard */; };
		25906EE51DEBF6B000BCC626 /* MXPopMenuVC.swift in Sources */ = {isa = PBXBuildFile; fileRef = 25906EE41DEBF6B000BCC626 /* MXPopMenuVC.swift */; };
		25906EE71DEC4B9600BCC626 /* MXMenuButton.swift in Sources */ = {isa = PBXBuildFile; fileRef = 25906EE61DEC4B9600BCC626 /* MXMenuButton.swift */; };
/* End PBXBuildFile section */

/* Begin PBXFileReference section */
		25906ECF1DE9AB9A00BCC626 /* SwiftDemo.app */ = {isa = PBXFileReference; explicitFileType = wrapper.application; includeInIndex = 0; path = SwiftDemo.app; sourceTree = BUILT_PRODUCTS_DIR; };
		25906ED21DE9AB9A00BCC626 /* AppDelegate.swift */ = {isa = PBXFileReference; lastKnownFileType = sourcecode.swift; path = AppDelegate.swift; sourceTree = "<group>"; };
		25906ED41DE9AB9A00BCC626 /* ViewController.swift */ = {isa = PBXFileReference; lastKnownFileType = sourcecode.swift; path = ViewController.swift; sourceTree = "<group>"; };
		25906ED71DE9AB9A00BCC626 /* Base */ = {isa = PBXFileReference; lastKnownFileType = file.storyboard; name = Base; path = Base.lproj/Main.storyboard; sourceTree = "<group>"; };
		25906ED91DE9AB9A00BCC626 /* Assets.xcassets */ = {isa = PBXFileReference; lastKnownFileType = folder.assetcatalog; path = Assets.xcassets; sourceTree = "<group>"; };
		25906EDC1DE9AB9A00BCC626 /* Base */ = {isa = PBXFileReference; lastKnownFileType = file.storyboard; name = Base; path = Base.lproj/LaunchScreen.storyboard; sourceTree = "<group>"; };
		25906EDE1DE9AB9A00BCC626 /* Info.plist */ = {isa = PBXFileReference; lastKnownFileType = text.plist.xml; path = Info.plist; sourceTree = "<group>"; };
		25906EE41DEBF6B000BCC626 /* MXPopMenuVC.swift */ = {isa = PBXFileReference; fileEncoding = 4; lastKnownFileType = sourcecode.swift; path = MXPopMenuVC.swift; sourceTree = "<group>"; };
		25906EE61DEC4B9600BCC626 /* MXMenuButton.swift */ = {isa = PBXFileReference; fileEncoding = 4; lastKnownFileType = sourcecode.swift; path = MXMenuButton.swift; sourceTree = "<group>"; };
/* End PBXFileReference section */

/* Begin PBXFrameworksBuildPhase section */
		25906ECC1DE9AB9A00BCC626 /* Frameworks */ = {
			isa = PBXFrameworksBuildPhase;
			buildActionMask = 2147483647;
			files = (
			);
			runOnlyForDeploymentPostprocessing = 0;
		};
/* End PBXFrameworksBuildPhase section */

/* Begin PBXGroup section */
		25906EC61DE9AB9A00BCC626 = {
			isa = PBXGroup;
			children = (
				25906ED11DE9AB9A00BCC626 /* SwiftDemo */,
				25906ED01DE9AB9A00BCC626 /* Products */,
			);
			sourceTree = "<group>";
		};
		25906ED01DE9AB9A00BCC626 /* Products */ = {
			isa = PBXGroup;
			children = (
				25906ECF1DE9AB9A00BCC626 /* SwiftDemo.app */,
			);
			name = Products;
			sourceTree = "<group>";
		};
		25906ED11DE9AB9A00BCC626 /* SwiftDemo */ = {
			isa = PBXGroup;
			children = (
				25906ED21DE9AB9A00BCC626 /* AppDelegate.swift */,
				25906ED41DE9AB9A00BCC626 /* ViewController.swift */,
				25906EE41DEBF6B000BCC626 /* MXPopMenuVC.swift */,
				25906EE61DEC4B9600BCC626 /* MXMenuButton.swift */,
				25906ED61DE9AB9A00BCC626 /* Main.storyboard */,
				25906ED91DE9AB9A00BCC626 /* Assets.xcassets */,
				25906EDB1DE9AB9A00BCC626 /* LaunchScreen.storyboard */,
				25906EDE1DE9AB9A00BCC626 /* Info.plist */,
			);
			path = SwiftDemo;
			sourceTree = "<group>";
		};
/* End PBXGroup section */

/* Begin PBXNativeTarget section */
		25906ECE1DE9AB9A00BCC626 /* SwiftDemo */ = {
			isa = PBXNativeTarget;
			buildConfigurationList = 25906EE11DE9AB9A00BCC626 /* Build configuration list for PBXNativeTarget "SwiftDemo" */;
			buildPhases = (
				25906ECB1DE9AB9A00BCC626 /* Sources */,
				25906ECC1DE9AB9A00BCC626 /* Frameworks */,
				25906ECD1DE9AB9A00BCC626 /* Resources */,
			);
			buildRules = (
			);
			dependencies = (
			);
			name = SwiftDemo;
			productName = SwiftDemo;
			productReference = 25906ECF1DE9AB9A00BCC626 /* SwiftDemo.app */;
			productType = "com.apple.product-type.application";
		};
/* End PBXNativeTarget section */

/* Begin PBXProject section */
		25906EC71DE9AB9A00BCC626 /* Project object */ = {
			isa = PBXProject;
			attributes = {
				LastSwiftUpdateCheck = 0810;
				LastUpgradeCheck = 0810;
				ORGANIZATIONNAME = xiazy;
				TargetAttributes = {
					25906ECE1DE9AB9A00BCC626 = {
						CreatedOnToolsVersion = 8.1;
						DevelopmentTeam = V34KMX7LW5;
						ProvisioningStyle = Automatic;
					};
				};
			};
			buildConfigurationList = 25906ECA1DE9AB9A00BCC626 /* Build configuration list for PBXProject "SwiftDemo" */;
			compatibilityVersion = "Xcode 3.2";
			developmentRegion = English;
			hasScannedForEncodings = 0;
			knownRegions = (
				en,
				Base,
			);
			mainGroup = 25906EC61DE9AB9A00BCC626;
			productRefGroup = 25906ED01DE9AB9A00BCC626 /* Products */;
			projectDirPath = "";
			projectRoot = "";
			targets = (
				25906ECE1DE9AB9A00BCC626 /* SwiftDemo */,
			);
		};
/* End PBXProject section */

/* Begin PBXResourcesBuildPhase section */
		25906ECD1DE9AB9A00BCC626 /* Resources */ = {
			isa = PBXResourcesBuildPhase;
			buildActionMask = 2147483647;
			files = (
				25906EDD1DE9AB9A00BCC626 /* LaunchScreen.storyboard in Resources */,
				25906EDA1DE9AB9A00BCC626 /* Assets.xcassets in Resources */,
				25906ED81DE9AB9A00BCC626 /* Main.storyboard in Resources */,
			);
			runOnlyForDeploymentPostprocessing = 0;
		};
/* End PBXResourcesBuildPhase section */

/* Begin PBXSourcesBuildPhase section */
		25906ECB1DE9AB9A00BCC626 /* Sources */ = {
			isa = PBXSourcesBuildPhase;
			buildActionMask = 2147483647;
			files = (
				25906ED51DE9AB9A00BCC626 /* ViewController.swift in Sources */,
				25906ED31DE9AB9A00BCC626 /* AppDelegate.swift in Sources */,
				25906EE51DEBF6B000BCC626 /* MXPopMenuVC.swift in Sources */,
				25906EE71DEC4B9600BCC626 /* MXMenuButton.swift in Sources */,
			);
			runOnlyForDeploymentPostprocessing = 0;
		};
/* End PBXSourcesBuildPhase section */

/* Begin PBXVariantGroup section */
		25906ED61DE9AB9A00BCC626 /* Main.storyboard */ = {
			isa = PBXVariantGroup;
			children = (
				25906ED71DE9AB9A00BCC626 /* Base */,
			);
			name = Main.storyboard;
			sourceTree = "<group>";
		};
		25906EDB1DE9AB9A00BCC626 /* LaunchScreen.storyboard */ = {
			isa = PBXVariantGroup;
			children = (
				25906EDC1DE9AB9A00BCC626 /* Base */,
			);
			name = LaunchScreen.storyboard;
			sourceTree = "<group>";
		};
/* End PBXVariantGroup section */

/* Begin XCBuildConfiguration section */
		25906EDF1DE9AB9A00BCC626 /* Debug */ = {
			isa = XCBuildConfiguration;
			buildSettings = {
				ALWAYS_SEARCH_USER_PATHS = NO;
				CLANG_ANALYZER_NONNULL = YES;
				CLANG_CXX_LANGUAGE_STANDARD = "gnu++0x";
				CLANG_CXX_LIBRARY = "libc++";
				CLANG_ENABLE_MODULES = YES;
				CLANG_ENABLE_OBJC_ARC = YES;
				CLANG_WARN_BOOL_CONVERSION = YES;
				CLANG_WARN_CONSTANT_CONVERSION = YES;
				CLANG_WARN_DIRECT_OBJC_ISA_USAGE = YES_ERROR;
				CLANG_WARN_DOCUMENTATION_COMMENTS = YES;
				CLANG_WARN_EMPTY_BODY = YES;
				CLANG_WARN_ENUM_CONVERSION = YES;
				CLANG_WARN_INFINITE_RECURSION = YES;
				CLANG_WARN_INT_CONVERSION = YES;
				CLANG_WARN_OBJC_ROOT_CLASS = YES_ERROR;
				CLANG_WARN_SUSPICIOUS_MOVES = YES;
				CLANG_WARN_UNREACHABLE_CODE = YES;
				CLANG_WARN__DUPLICATE_METHOD_MATCH = YES;
				"CODE_SIGN_IDENTITY[sdk=iphoneos*]" = "iPhone Developer";
				COPY_PHASE_STRIP = NO;
				DEBUG_INFORMATION_FORMAT = dwarf;
				ENABLE_STRICT_OBJC_MSGSEND = YES;
				ENABLE_TESTABILITY = YES;
				GCC_C_LANGUAGE_STANDARD = gnu99;
				GCC_DYNAMIC_NO_PIC = NO;
				GCC_NO_COMMON_BLOCKS = YES;
				GCC_OPTIMIZATION_LEVEL = 0;
				GCC_PREPROCESSOR_DEFINITIONS = (
					"DEBUG=1",
					"$(inherited)",
				);
				GCC_WARN_64_TO_32_BIT_CONVERSION = YES;
				GCC_WARN_ABOUT_RETURN_TYPE = YES_ERROR;
				GCC_WARN_UNDECLARED_SELECTOR = YES;
				GCC_WARN_UNINITIALIZED_AUTOS = YES_AGGRESSIVE;
				GCC_WARN_UNUSED_FUNCTION = YES;
				GCC_WARN_UNUSED_VARIABLE = YES;
				IPHONEOS_DEPLOYMENT_TARGET = 10.1;
				MTL_ENABLE_DEBUG_INFO = YES;
				ONLY_ACTIVE_ARCH = YES;
				SDKROOT = iphoneos;
				SWIFT_ACTIVE_COMPILATION_CONDITIONS = DEBUG;
				SWIFT_OPTIMIZATION_LEVEL = "-Onone";
			};
			name = Debug;
		};
		25906EE01DE9AB9A00BCC626 /* Release */ = {
			isa = XCBuildConfiguration;
			buildSettings = {
				ALWAYS_SEARCH_USER_PATHS = NO;
				CLANG_ANALYZER_NONNULL = YES;
				CLANG_CXX_LANGUAGE_STANDARD = "gnu++0x";
				CLANG_CXX_LIBRARY = "libc++";
				CLANG_ENABLE_MODULES = YES;
				CLANG_ENABLE_OBJC_ARC = YES;
				CLANG_WARN_BOOL_CONVERSION = YES;
				CLANG_WARN_CONSTANT_CONVERSION = YES;
				CLANG_WARN_DIRECT_OBJC_ISA_USAGE = YES_ERROR;
				CLANG_WARN_DOCUMENTATION_COMMENTS = YES;
				CLANG_WARN_EMPTY_BODY = YES;
				CLANG_WARN_ENUM_CONVERSION = YES;
				CLANG_WARN_INFINITE_RECURSION = YES;
				CLANG_WARN_INT_CONVERSION = YES;
				CLANG_WARN_OBJC_ROOT_CLASS = YES_ERROR;
				CLANG_WARN_SUSPICIOUS_MOVES = YES;
				CLANG_WARN_UNREACHABLE_CODE = YES;
				CLANG_WARN__DUPLICATE_METHOD_MATCH = YES;
				"CODE_SIGN_IDENTITY[sdk=iphoneos*]" = "iPhone Developer";
				COPY_PHASE_STRIP = NO;
				DEBUG_INFORMATION_FORMAT = "dwarf-with-dsym";
				ENABLE_NS_ASSERTIONS = NO;
				ENABLE_STRICT_OBJC_MSGSEND = YES;
				GCC_C_LANGUAGE_STANDARD = gnu99;
				GCC_NO_COMMON_BLOCKS = YES;
				GCC_WARN_64_TO_32_BIT_CONVERSION = YES;
				GCC_WARN_ABOUT_RETURN_TYPE = YES_ERROR;
				GCC_WARN_UNDECLARED_SELECTOR = YES;
				GCC_WARN_UNINITIALIZED_AUTOS = YES_AGGRESSIVE;
				GCC_WARN_UNUSED_FUNCTION = YES;
				GCC_WARN_UNUSED_VARIABLE = YES;
				IPHONEOS_DEPLOYMENT_TARGET = 10.1;
				MTL_ENABLE_DEBUG_INFO = NO;
				SDKROOT = iphoneos;
				SWIFT_OPTIMIZATION_LEVEL = "-Owholemodule";
				VALIDATE_PRODUCT = YES;
			};
			name = Release;
		};
		25906EE21DE9AB9A00BCC626 /* Debug */ = {
			isa = XCBuildConfiguration;
			buildSettings = {
				ASSETCATALOG_COMPILER_APPICON_NAME = AppIcon;
				DEVELOPMENT_TEAM = V34KMX7LW5;
				INFOPLIST_FILE = SwiftDemo/Info.plist;
				LD_RUNPATH_SEARCH_PATHS = "$(inherited) @executable_path/Frameworks";
				PRODUCT_BUNDLE_IDENTIFIER = com.my.sw.SwiftDemo;
				PRODUCT_NAME = "$(TARGET_NAME)";
				SWIFT_VERSION = 3.0;
			};
			name = Debug;
		};
		25906EE31DE9AB9A00BCC626 /* Release */ = {
			isa = XCBuildConfiguration;
			buildSettings = {
				ASSETCATALOG_COMPILER_APPICON_NAME = AppIcon;
				DEVELOPMENT_TEAM = V34KMX7LW5;
				INFOPLIST_FILE = SwiftDemo/Info.plist;
				LD_RUNPATH_SEARCH_PATHS = "$(inherited) @executable_path/Frameworks";
				PRODUCT_BUNDLE_IDENTIFIER = com.my.sw.SwiftDemo;
				PRODUCT_NAME = "$(TARGET_NAME)";
				SWIFT_VERSION = 3.0;
			};
			name = Release;
		};
/* End XCBuildConfiguration section */

/* Begin XCConfigurationList section */
		25906ECA1DE9AB9A00BCC626 /* Build configuration list for PBXProject "SwiftDemo" */ = {
			isa = XCConfigurationList;
			buildConfigurations = (
				25906EDF1DE9AB9A00BCC626 /* Debug */,
				25906EE01DE9AB9A00BCC626 /* Release */,
			);
			defaultConfigurationIsVisible = 0;
			defaultConfigurationName = Release;
		};
		25906EE11DE9AB9A00BCC626 /* Build configuration list for PBXNativeTarget "SwiftDemo" */ = {
			isa = XCConfigurationList;
			buildConfigurations = (
				25906EE21DE9AB9A00BCC626 /* Debug */,
				25906EE31DE9AB9A00BCC626 /* Release */,
			);
			defaultConfigurationIsVisible = 0;
			defaultConfigurationName = Release;
		};
/* End XCConfigurationList section */
	};
	rootObject = 25906EC71DE9AB9A00BCC626 /* Project object */;
}
